// !$*UTF8*$!
{
	archiveVersion = 1;
	classes = {
	};
	objectVersion = 50;
	objects = {

/* Begin PBXBuildFile section */
		203A73072554938600367AF3 /* AppDelegate.swift in Sources */ = {isa = PBXBuildFile; fileRef = 203A73062554938600367AF3 /* AppDelegate.swift */; };
		203A73092554938600367AF3 /* SceneDelegate.swift in Sources */ = {isa = PBXBuildFile; fileRef = 203A73082554938600367AF3 /* SceneDelegate.swift */; };
		203A730B2554938600367AF3 /* DetailViewController.swift in Sources */ = {isa = PBXBuildFile; fileRef = 203A730A2554938600367AF3 /* DetailViewController.swift */; };
		203A730E2554938600367AF3 /* Main.storyboard in Resources */ = {isa = PBXBuildFile; fileRef = 203A730C2554938600367AF3 /* Main.storyboard */; };
		203A73102554938700367AF3 /* Assets.xcassets in Resources */ = {isa = PBXBuildFile; fileRef = 203A730F2554938700367AF3 /* Assets.xcassets */; };
		203A73132554938700367AF3 /* LaunchScreen.storyboard in Resources */ = {isa = PBXBuildFile; fileRef = 203A73112554938700367AF3 /* LaunchScreen.storyboard */; };
		2076ACFE2554DD540068D5D1 /* IRDBTableViewController.swift in Sources */ = {isa = PBXBuildFile; fileRef = 2076ACFD2554DD540068D5D1 /* IRDBTableViewController.swift */; };
		2081E0F02555E59200C2BDAB /* DataController.swift in Sources */ = {isa = PBXBuildFile; fileRef = 2081E0EF2555E59200C2BDAB /* DataController.swift */; };
		2081E0F32555E5B700C2BDAB /* MediaDataModel.swift in Sources */ = {isa = PBXBuildFile; fileRef = 2081E0F22555E5B700C2BDAB /* MediaDataModel.swift */; };
/* End PBXBuildFile section */

/* Begin PBXFileReference section */
		203A73032554938600367AF3 /* IRDB_WTG.app */ = {isa = PBXFileReference; explicitFileType = wrapper.application; includeInIndex = 0; path = IRDB_WTG.app; sourceTree = BUILT_PRODUCTS_DIR; };
		203A73062554938600367AF3 /* AppDelegate.swift */ = {isa = PBXFileReference; lastKnownFileType = sourcecode.swift; path = AppDelegate.swift; sourceTree = "<group>"; };
		203A73082554938600367AF3 /* SceneDelegate.swift */ = {isa = PBXFileReference; lastKnownFileType = sourcecode.swift; path = SceneDelegate.swift; sourceTree = "<group>"; };
		203A730A2554938600367AF3 /* DetailViewController.swift */ = {isa = PBXFileReference; lastKnownFileType = sourcecode.swift; path = DetailViewController.swift; sourceTree = "<group>"; };
		203A730D2554938600367AF3 /* Base */ = {isa = PBXFileReference; lastKnownFileType = file.storyboard; name = Base; path = Base.lproj/Main.storyboard; sourceTree = "<group>"; };
		203A730F2554938700367AF3 /* Assets.xcassets */ = {isa = PBXFileReference; lastKnownFileType = folder.assetcatalog; path = Assets.xcassets; sourceTree = "<group>"; };
		203A73122554938700367AF3 /* Base */ = {isa = PBXFileReference; lastKnownFileType = file.storyboard; name = Base; path = Base.lproj/LaunchScreen.storyboard; sourceTree = "<group>"; };
		203A73142554938700367AF3 /* Info.plist */ = {isa = PBXFileReference; lastKnownFileType = text.plist.xml; path = Info.plist; sourceTree = "<group>"; };
		2076ACFD2554DD540068D5D1 /* IRDBTableViewController.swift */ = {isa = PBXFileReference; lastKnownFileType = sourcecode.swift; path = IRDBTableViewController.swift; sourceTree = "<group>"; };
		2081E0EF2555E59200C2BDAB /* DataController.swift */ = {isa = PBXFileReference; lastKnownFileType = sourcecode.swift; path = DataController.swift; sourceTree = "<group>"; };
		2081E0F22555E5B700C2BDAB /* MediaDataModel.swift */ = {isa = PBXFileReference; lastKnownFileType = sourcecode.swift; path = MediaDataModel.swift; sourceTree = "<group>"; };
/* End PBXFileReference section */

/* Begin PBXFrameworksBuildPhase section */
		203A73002554938600367AF3 /* Frameworks */ = {
			isa = PBXFrameworksBuildPhase;
			buildActionMask = 2147483647;
			files = (
			);
			runOnlyForDeploymentPostprocessing = 0;
		};
/* End PBXFrameworksBuildPhase section */

/* Begin PBXGroup section */
		203A72FA2554938600367AF3 = {
			isa = PBXGroup;
			children = (
				203A73052554938600367AF3 /* IRDB_WTG */,
				203A73042554938600367AF3 /* Products */,
			);
			sourceTree = "<group>";
		};
		203A73042554938600367AF3 /* Products */ = {
			isa = PBXGroup;
			children = (
				203A73032554938600367AF3 /* IRDB_WTG.app */,
			);
			name = Products;
			sourceTree = "<group>";
		};
		203A73052554938600367AF3 /* IRDB_WTG */ = {
			isa = PBXGroup;
			children = (
				203A73062554938600367AF3 /* AppDelegate.swift */,
				203A73082554938600367AF3 /* SceneDelegate.swift */,
				203A730A2554938600367AF3 /* DetailViewController.swift */,
				203A730C2554938600367AF3 /* Main.storyboard */,
				203A730F2554938700367AF3 /* Assets.xcassets */,
				203A73112554938700367AF3 /* LaunchScreen.storyboard */,
				203A73142554938700367AF3 /* Info.plist */,
				2076ACFD2554DD540068D5D1 /* IRDBTableViewController.swift */,
				2081E0EF2555E59200C2BDAB /* DataController.swift */,
				2081E0F22555E5B700C2BDAB /* MediaDataModel.swift */,
			);
			path = IRDB_WTG;
			sourceTree = "<group>";
		};
/* End PBXGroup section */

/* Begin PBXNativeTarget section */
		203A73022554938600367AF3 /* IRDB_WTG */ = {
			isa = PBXNativeTarget;
			buildConfigurationList = 203A73172554938700367AF3 /* Build configuration list for PBXNativeTarget "IRDB_WTG" */;
			buildPhases = (
				203A72FF2554938600367AF3 /* Sources */,
				203A73002554938600367AF3 /* Frameworks */,
				203A73012554938600367AF3 /* Resources */,
			);
			buildRules = (
			);
			dependencies = (
			);
			name = IRDB_WTG;
			productName = IRDB_WTG;
			productReference = 203A73032554938600367AF3 /* IRDB_WTG.app */;
			productType = "com.apple.product-type.application";
		};
/* End PBXNativeTarget section */

/* Begin PBXProject section */
		203A72FB2554938600367AF3 /* Project object */ = {
			isa = PBXProject;
			attributes = {
				LastSwiftUpdateCheck = 1200;
				LastUpgradeCheck = 1200;
				TargetAttributes = {
					203A73022554938600367AF3 = {
						CreatedOnToolsVersion = 12.0.1;
					};
				};
			};
			buildConfigurationList = 203A72FE2554938600367AF3 /* Build configuration list for PBXProject "IRDB_WTG" */;
			compatibilityVersion = "Xcode 9.3";
			developmentRegion = en;
			hasScannedForEncodings = 0;
			knownRegions = (
				en,
				Base,
			);
			mainGroup = 203A72FA2554938600367AF3;
			productRefGroup = 203A73042554938600367AF3 /* Products */;
			projectDirPath = "";
			projectRoot = "";
			targets = (
				203A73022554938600367AF3 /* IRDB_WTG */,
			);
		};
/* End PBXProject section */

/* Begin PBXResourcesBuildPhase section */
		203A73012554938600367AF3 /* Resources */ = {
			isa = PBXResourcesBuildPhase;
			buildActionMask = 2147483647;
			files = (
				203A73132554938700367AF3 /* LaunchScreen.storyboard in Resources */,
				203A73102554938700367AF3 /* Assets.xcassets in Resources */,
				203A730E2554938600367AF3 /* Main.storyboard in Resources */,
			);
			runOnlyForDeploymentPostprocessing = 0;
		};
/* End PBXResourcesBuildPhase section */

/* Begin PBXSourcesBuildPhase section */
		203A72FF2554938600367AF3 /* Sources */ = {
			isa = PBXSourcesBuildPhase;
			buildActionMask = 2147483647;
			files = (
				2081E0F02555E59200C2BDAB /* DataController.swift in Sources */,
				2076ACFE2554DD540068D5D1 /* IRDBTableViewController.swift in Sources */,
				2081E0F32555E5B700C2BDAB /* MediaDataModel.swift in Sources */,
				203A730B2554938600367AF3 /* DetailViewController.swift in Sources */,
				203A73072554938600367AF3 /* AppDelegate.swift in Sources */,
				203A73092554938600367AF3 /* SceneDelegate.swift in Sources */,
			);
			runOnlyForDeploymentPostprocessing = 0;
		};
/* End PBXSourcesBuildPhase section */

/* Begin PBXVariantGroup section */
		203A730C2554938600367AF3 /* Main.storyboard */ = {
			isa = PBXVariantGroup;
			children = (
				203A730D2554938600367AF3 /* Base */,
			);
			name = Main.storyboard;
			sourceTree = "<group>";
		};
		203A73112554938700367AF3 /* LaunchScreen.storyboard */ = {
			isa = PBXVariantGroup;
			children = (
				203A73122554938700367AF3 /* Base */,
			);
			name = LaunchScreen.storyboard;
			sourceTree = "<group>";
		};
/* End PBXVariantGroup section */

/* Begin XCBuildConfiguration section */
		203A73152554938700367AF3 /* Debug */ = {
			isa = XCBuildConfiguration;
			buildSettings = {
				ALWAYS_SEARCH_USER_PATHS = NO;
				CLANG_ANALYZER_NONNULL = YES;
				CLANG_ANALYZER_NUMBER_OBJECT_CONVERSION = YES_AGGRESSIVE;
				CLANG_CXX_LANGUAGE_STANDARD = "gnu++14";
				CLANG_CXX_LIBRARY = "libc++";
				CLANG_ENABLE_MODULES = YES;
				CLANG_ENABLE_OBJC_ARC = YES;
				CLANG_ENABLE_OBJC_WEAK = YES;
				CLANG_WARN_BLOCK_CAPTURE_AUTORELEASING = YES;
				CLANG_WARN_BOOL_CONVERSION = YES;
				CLANG_WARN_COMMA = YES;
				CLANG_WARN_CONSTANT_CONVERSION = YES;
				CLANG_WARN_DEPRECATED_OBJC_IMPLEMENTATIONS = YES;
				CLANG_WARN_DIRECT_OBJC_ISA_USAGE = YES_ERROR;
				CLANG_WARN_DOCUMENTATION_COMMENTS = YES;
				CLANG_WARN_EMPTY_BODY = YES;
				CLANG_WARN_ENUM_CONVERSION = YES;
				CLANG_WARN_INFINITE_RECURSION = YES;
				CLANG_WARN_INT_CONVERSION = YES;
				CLANG_WARN_NON_LITERAL_NULL_CONVERSION = YES;
				CLANG_WARN_OBJC_IMPLICIT_RETAIN_SELF = YES;
				CLANG_WARN_OBJC_LITERAL_CONVERSION = YES;
				CLANG_WARN_OBJC_ROOT_CLASS = YES_ERROR;
				CLANG_WARN_QUOTED_INCLUDE_IN_FRAMEWORK_HEADER = YES;
				CLANG_WARN_RANGE_LOOP_ANALYSIS = YES;
				CLANG_WARN_STRICT_PROTOTYPES = YES;
				CLANG_WARN_SUSPICIOUS_MOVE = YES;
				CLANG_WARN_UNGUARDED_AVAILABILITY = YES_AGGRESSIVE;
				CLANG_WARN_UNREACHABLE_CODE = YES;
				CLANG_WARN__DUPLICATE_METHOD_MATCH = YES;
				COPY_PHASE_STRIP = NO;
				DEBUG_INFORMATION_FORMAT = dwarf;
				ENABLE_STRICT_OBJC_MSGSEND = YES;
				ENABLE_TESTABILITY = YES;
				GCC_C_LANGUAGE_STANDARD = gnu11;
				GCC_DYNAMIC_NO_PIC = NO;
				GCC_NO_COMMON_BLOCKS = YES;
				GCC_OPTIMIZATION_LEVEL = 0;
				GCC_PREPROCESSOR_DEFINITIONS = (
					"DEBUG=1",
					"$(inherited)",
				);
				GCC_WARN_64_TO_32_BIT_CONVERSION = YES;
				GCC_WARN_ABOUT_RETURN_TYPE = YES_ERROR;
				GCC_WARN_UNDECLARED_SELECTOR = YES;
				GCC_WARN_UNINITIALIZED_AUTOS = YES_AGGRESSIVE;
				GCC_WARN_UNUSED_FUNCTION = YES;
				GCC_WARN_UNUSED_VARIABLE = YES;
				IPHONEOS_DEPLOYMENT_TARGET = 14.0;
				MTL_ENABLE_DEBUG_INFO = INCLUDE_SOURCE;
				MTL_FAST_MATH = YES;
				ONLY_ACTIVE_ARCH = YES;
				SDKROOT = iphoneos;
				SWIFT_ACTIVE_COMPILATION_CONDITIONS = DEBUG;
				SWIFT_OPTIMIZATION_LEVEL = "-Onone";
			};
			name = Debug;
		};
		203A73162554938700367AF3 /* Release */ = {
			isa = XCBuildConfiguration;
			buildSettings = {
				ALWAYS_SEARCH_USER_PATHS = NO;
				CLANG_ANALYZER_NONNULL = YES;
				CLANG_ANALYZER_NUMBER_OBJECT_CONVERSION = YES_AGGRESSIVE;
				CLANG_CXX_LANGUAGE_STANDARD = "gnu++14";
				CLANG_CXX_LIBRARY = "libc++";
				CLANG_ENABLE_MODULES = YES;
				CLANG_ENABLE_OBJC_ARC = YES;
				CLANG_ENABLE_OBJC_WEAK = YES;
				CLANG_WARN_BLOCK_CAPTURE_AUTORELEASING = YES;
				CLANG_WARN_BOOL_CONVERSION = YES;
				CLANG_WARN_COMMA = YES;
				CLANG_WARN_CONSTANT_CONVERSION = YES;
				CLANG_WARN_DEPRECATED_OBJC_IMPLEMENTATIONS = YES;
				CLANG_WARN_DIRECT_OBJC_ISA_USAGE = YES_ERROR;
				CLANG_WARN_DOCUMENTATION_COMMENTS = YES;
				CLANG_WARN_EMPTY_BODY = YES;
				CLANG_WARN_ENUM_CONVERSION = YES;
				CLANG_WARN_INFINITE_RECURSION = YES;
				CLANG_WARN_INT_CONVERSION = YES;
				CLANG_WARN_NON_LITERAL_NULL_CONVERSION = YES;
				CLANG_WARN_OBJC_IMPLICIT_RETAIN_SELF = YES;
				CLANG_WARN_OBJC_LITERAL_CONVERSION = YES;
				CLANG_WARN_OBJC_ROOT_CLASS = YES_ERROR;
				CLANG_WARN_QUOTED_INCLUDE_IN_FRAMEWORK_HEADER = YES;
				CLANG_WARN_RANGE_LOOP_ANALYSIS = YES;
				CLANG_WARN_STRICT_PROTOTYPES = YES;
				CLANG_WARN_SUSPICIOUS_MOVE = YES;
				CLANG_WARN_UNGUARDED_AVAILABILITY = YES_AGGRESSIVE;
				CLANG_WARN_UNREACHABLE_CODE = YES;
				CLANG_WARN__DUPLICATE_METHOD_MATCH = YES;
				COPY_PHASE_STRIP = NO;
				DEBUG_INFORMATION_FORMAT = "dwarf-with-dsym";
				ENABLE_NS_ASSERTIONS = NO;
				ENABLE_STRICT_OBJC_MSGSEND = YES;
				GCC_C_LANGUAGE_STANDARD = gnu11;
				GCC_NO_COMMON_BLOCKS = YES;
				GCC_WARN_64_TO_32_BIT_CONVERSION = YES;
				GCC_WARN_ABOUT_RETURN_TYPE = YES_ERROR;
				GCC_WARN_UNDECLARED_SELECTOR = YES;
				GCC_WARN_UNINITIALIZED_AUTOS = YES_AGGRESSIVE;
				GCC_WARN_UNUSED_FUNCTION = YES;
				GCC_WARN_UNUSED_VARIABLE = YES;
				IPHONEOS_DEPLOYMENT_TARGET = 14.0;
				MTL_ENABLE_DEBUG_INFO = NO;
				MTL_FAST_MATH = YES;
				SDKROOT = iphoneos;
				SWIFT_COMPILATION_MODE = wholemodule;
				SWIFT_OPTIMIZATION_LEVEL = "-O";
				VALIDATE_PRODUCT = YES;
			};
			name = Release;
		};
		203A73182554938700367AF3 /* Debug */ = {
			isa = XCBuildConfiguration;
			buildSettings = {
				ASSETCATALOG_COMPILER_APPICON_NAME = AppIcon;
				ASSETCATALOG_COMPILER_GLOBAL_ACCENT_COLOR_NAME = AccentColor;
				CODE_SIGN_STYLE = Automatic;
				INFOPLIST_FILE = IRDB_WTG/Info.plist;
				LD_RUNPATH_SEARCH_PATHS = (
					"$(inherited)",
					"@executable_path/Frameworks",
				);
				PRODUCT_BUNDLE_IDENTIFIER = "com.wtg.IRDB-WTG";
				PRODUCT_NAME = "$(TARGET_NAME)";
				SWIFT_VERSION = 5.0;
				TARGETED_DEVICE_FAMILY = "1,2";
			};
			name = Debug;
		};
		203A73192554938700367AF3 /* Release */ = {
			isa = XCBuildConfiguration;
			buildSettings = {
				ASSETCATALOG_COMPILER_APPICON_NAME = AppIcon;
				ASSETCATALOG_COMPILER_GLOBAL_ACCENT_COLOR_NAME = AccentColor;
				CODE_SIGN_STYLE = Automatic;
				INFOPLIST_FILE = IRDB_WTG/Info.plist;
				LD_RUNPATH_SEARCH_PATHS = (
					"$(inherited)",
					"@executable_path/Frameworks",
				);
				PRODUCT_BUNDLE_IDENTIFIER = "com.wtg.IRDB-WTG";
				PRODUCT_NAME = "$(TARGET_NAME)";
				SWIFT_VERSION = 5.0;
				TARGETED_DEVICE_FAMILY = "1,2";
			};
			name = Release;
		};
/* End XCBuildConfiguration section */

/* Begin XCConfigurationList section */
		203A72FE2554938600367AF3 /* Build configuration list for PBXProject "IRDB_WTG" */ = {
			isa = XCConfigurationList;
			buildConfigurations = (
				203A73152554938700367AF3 /* Debug */,
				203A73162554938700367AF3 /* Release */,
			);
			defaultConfigurationIsVisible = 0;
			defaultConfigurationName = Release;
		};
		203A73172554938700367AF3 /* Build configuration list for PBXNativeTarget "IRDB_WTG" */ = {
			isa = XCConfigurationList;
			buildConfigurations = (
				203A73182554938700367AF3 /* Debug */,
				203A73192554938700367AF3 /* Release */,
			);
			defaultConfigurationIsVisible = 0;
			defaultConfigurationName = Release;
		};
/* End XCConfigurationList section */
	};
	rootObject = 203A72FB2554938600367AF3 /* Project object */;
}
